
Microsoft Visual Studio Solution File, Format Version 12.00
# Visual Studio Version 17
VisualStudioVersion = 17.5.002.0
MinimumVisualStudioVersion = 10.0.40219.1
Project("{9A19103F-16F7-4668-BE54-9A1E7A4F7556}") = "PrimerMvcSena", "PrimerMvcSena.csproj", "{2E553B61-4822-4234-A2F2-3BE229515546}"
EndProject
Global
	GlobalSection(SolutionConfigurationPlatforms) = preSolution
		Debug|Any CPU = Debug|Any CPU
		Release|Any CPU = Release|Any CPU
	EndGlobalSection
	GlobalSection(ProjectConfigurationPlatforms) = postSolution
		{2E553B61-4822-4234-A2F2-3BE229515546}.Debug|Any CPU.ActiveCfg = Debug|Any CPU
		{2E553B61-4822-4234-A2F2-3BE229515546}.Debug|Any CPU.Build.0 = Debug|Any CPU
		{2E553B61-4822-4234-A2F2-3BE229515546}.Release|Any CPU.ActiveCfg = Release|Any CPU
		{2E553B61-4822-4234-A2F2-3BE229515546}.Release|Any CPU.Build.0 = Release|Any CPU
	EndGlobalSection
	GlobalSection(SolutionProperties) = preSolution
		HideSolutionNode = FALSE
	EndGlobalSection
	GlobalSection(ExtensibilityGlobals) = postSolution
		SolutionGuid = {DEC4E0B5-17B8-42AC-B0F0-935E71819BD3}
	EndGlobalSection
EndGlobal
